
Microsoft Visual Studio Solution File, Format Version 12.00
# Visual Studio Version 17
VisualStudioVersion = 17.4.33205.214
MinimumVisualStudioVersion = 10.0.40219.1
Project("{888888A0-9F3D-457C-B088-3A5042F75D52}") = "FlaskWebProject1", "FlaskWebProject1.pyproj", "{3FBF2AA7-8DA9-4C44-A432-195752809C8B}"
EndProject
Global
	GlobalSection(SolutionConfigurationPlatforms) = preSolution
		Debug|Any CPU = Debug|Any CPU
		Release|Any CPU = Release|Any CPU
	EndGlobalSection
	GlobalSection(ProjectConfigurationPlatforms) = postSolution
		{3FBF2AA7-8DA9-4C44-A432-195752809C8B}.Debug|Any CPU.ActiveCfg = Debug|Any CPU
		{3FBF2AA7-8DA9-4C44-A432-195752809C8B}.Debug|Any CPU.Build.0 = Debug|Any CPU
		{3FBF2AA7-8DA9-4C44-A432-195752809C8B}.Release|Any CPU.ActiveCfg = Release|Any CPU
		{3FBF2AA7-8DA9-4C44-A432-195752809C8B}.Release|Any CPU.Build.0 = Release|Any CPU
	EndGlobalSection
	GlobalSection(SolutionProperties) = preSolution
		HideSolutionNode = FALSE
	EndGlobalSection
	GlobalSection(ExtensibilityGlobals) = postSolution
		SolutionGuid = {617A3349-0F07-4243-BDFD-612F60A5CAD4}
	EndGlobalSection
EndGlobal
